// !$*UTF8*$!
{
	archiveVersion = 1;
	classes = {
	};
	objectVersion = 56;
	objects = {

/* Begin PBXBuildFile section */
		0D0B4A8F2BF1389A00CC1CB7 /* Habit+CoreDataClass.swift in Sources */ = {isa = PBXBuildFile; fileRef = 0D0B4A8D2BF1389A00CC1CB7 /* Habit+CoreDataClass.swift */; };
		0D0B4A902BF1389A00CC1CB7 /* Habit+CoreDataProperties.swift in Sources */ = {isa = PBXBuildFile; fileRef = 0D0B4A8E2BF1389A00CC1CB7 /* Habit+CoreDataProperties.swift */; };
		0D215BDC2C0328580081D7F3 /* HabitTransformer.swift in Sources */ = {isa = PBXBuildFile; fileRef = 0D215BDB2C0328580081D7F3 /* HabitTransformer.swift */; };
		0D37075B2C05AB8E00F3D9E3 /* SettingsView.swift in Sources */ = {isa = PBXBuildFile; fileRef = 0D37075A2C05AB8E00F3D9E3 /* SettingsView.swift */; };
		0D37075D2C05CB8100F3D9E3 /* ContentView.swift in Sources */ = {isa = PBXBuildFile; fileRef = 0D37075C2C05CB8100F3D9E3 /* ContentView.swift */; };
		0D3E3B5B2C0C48630004D419 /* UITestView3.swift in Sources */ = {isa = PBXBuildFile; fileRef = 0D3E3B5A2C0C48630004D419 /* UITestView3.swift */; };
		0D490D872C099A5000CB8ACF /* Record+CoreDataClass.swift in Sources */ = {isa = PBXBuildFile; fileRef = 0D490D852C099A5000CB8ACF /* Record+CoreDataClass.swift */; };
		0D490D882C099A5000CB8ACF /* Record+CoreDataProperties.swift in Sources */ = {isa = PBXBuildFile; fileRef = 0D490D862C099A5000CB8ACF /* Record+CoreDataProperties.swift */; };
		0D50A2492BF35A6A007CA46D /* RecordListView.swift in Sources */ = {isa = PBXBuildFile; fileRef = 0D50A2482BF35A6A007CA46D /* RecordListView.swift */; };
		0D50A24B2BF370E9007CA46D /* fetchBydateView.swift in Sources */ = {isa = PBXBuildFile; fileRef = 0D50A24A2BF370E9007CA46D /* fetchBydateView.swift */; };
		0D5E1CE22C0B1C360050830D /* HelperStructs.swift in Sources */ = {isa = PBXBuildFile; fileRef = 0D5E1CE12C0B1C360050830D /* HelperStructs.swift */; };
		0D60E2FC2BF5F2E1009D8614 /* HelperFunctions.swift in Sources */ = {isa = PBXBuildFile; fileRef = 0D60E2FB2BF5F2E1009D8614 /* HelperFunctions.swift */; };
		0D60E2FF2BF6646D009D8614 /* UITest.swift in Sources */ = {isa = PBXBuildFile; fileRef = 0D60E2FE2BF6646D009D8614 /* UITest.swift */; };
		0D6381D52C119203007F8AB3 /* EditHabitView.swift in Sources */ = {isa = PBXBuildFile; fileRef = 0D6381D42C119203007F8AB3 /* EditHabitView.swift */; };
		0D6381D72C11B04A007F8AB3 /* UITestView2.swift in Sources */ = {isa = PBXBuildFile; fileRef = 0D6381D62C11B04A007F8AB3 /* UITestView2.swift */; };
		0D6658262C10E47D00337A9D /* HabitListView.swift in Sources */ = {isa = PBXBuildFile; fileRef = 0D6658252C10E47D00337A9D /* HabitListView.swift */; };
		0D66AD732BE2B5B2002AD8B0 /* CoreDataHelper.swift in Sources */ = {isa = PBXBuildFile; fileRef = 0D66AD722BE2B5B2002AD8B0 /* CoreDataHelper.swift */; };
		0D77714C2BEB6FCC00415574 /* RecordView.swift in Sources */ = {isa = PBXBuildFile; fileRef = 0D77714B2BEB6FCC00415574 /* RecordView.swift */; };
		0D79C5952C0CC3A500A0B1C6 /* GithubLikeView.swift in Sources */ = {isa = PBXBuildFile; fileRef = 0D79C5942C0CC3A500A0B1C6 /* GithubLikeView.swift */; };
		0D9A92722BE2AF2A00E066F9 /* model.xcdatamodeld in Sources */ = {isa = PBXBuildFile; fileRef = 0D9A92702BE2AF2A00E066F9 /* model.xcdatamodeld */; };
		0DA74FFB2BE6339A0009B1DF /* CreateHabitView.swift in Sources */ = {isa = PBXBuildFile; fileRef = 0DA74FFA2BE6339A0009B1DF /* CreateHabitView.swift */; };
		0DA74FFD2BE76FBF0009B1DF /* MonthsOfYearView.swift in Sources */ = {isa = PBXBuildFile; fileRef = 0DA74FFC2BE76FBF0009B1DF /* MonthsOfYearView.swift */; };
		0DBC9D702BDEBCF10018C39B /* SharedUserDefaults.swift in Sources */ = {isa = PBXBuildFile; fileRef = 0DBC9D6F2BDEBCF10018C39B /* SharedUserDefaults.swift */; };
		0DBC9D712BDEBCF10018C39B /* SharedUserDefaults.swift in Sources */ = {isa = PBXBuildFile; fileRef = 0DBC9D6F2BDEBCF10018C39B /* SharedUserDefaults.swift */; };
		0DBC9D722BDEC4360018C39B /* ChangeHabitStatusIntent.swift in Sources */ = {isa = PBXBuildFile; fileRef = 0D3FCAD32BDE4DDA004FDD0D /* ChangeHabitStatusIntent.swift */; };
		0DBC9D732BDEC5390018C39B /* ChangeHabitStatusIntent.swift in Sources */ = {isa = PBXBuildFile; fileRef = 0D3FCAD32BDE4DDA004FDD0D /* ChangeHabitStatusIntent.swift */; };
		0DEDC2D32C008D510029C637 /* HabitListOnWeekdaysView.swift in Sources */ = {isa = PBXBuildFile; fileRef = 0DEDC2D22C008D510029C637 /* HabitListOnWeekdaysView.swift */; };
		0DF496A12BD977DA00AF0590 /* QuickHabitTrackerApp.swift in Sources */ = {isa = PBXBuildFile; fileRef = 0DF496A02BD977DA00AF0590 /* QuickHabitTrackerApp.swift */; };
		0DF496A32BD977DA00AF0590 /* HomeView.swift in Sources */ = {isa = PBXBuildFile; fileRef = 0DF496A22BD977DA00AF0590 /* HomeView.swift */; };
		0DF496A52BD977DE00AF0590 /* Assets.xcassets in Resources */ = {isa = PBXBuildFile; fileRef = 0DF496A42BD977DE00AF0590 /* Assets.xcassets */; };
		0DF496A82BD977DE00AF0590 /* Preview Assets.xcassets in Resources */ = {isa = PBXBuildFile; fileRef = 0DF496A72BD977DE00AF0590 /* Preview Assets.xcassets */; };
		0DF496B52BD9781B00AF0590 /* WidgetKit.framework in Frameworks */ = {isa = PBXBuildFile; fileRef = 0DF496B42BD9781B00AF0590 /* WidgetKit.framework */; };
		0DF496B72BD9781B00AF0590 /* SwiftUI.framework in Frameworks */ = {isa = PBXBuildFile; fileRef = 0DF496B62BD9781B00AF0590 /* SwiftUI.framework */; };
		0DF496BA2BD9781B00AF0590 /* QuickHabitTrackerWidgetBundle.swift in Sources */ = {isa = PBXBuildFile; fileRef = 0DF496B92BD9781B00AF0590 /* QuickHabitTrackerWidgetBundle.swift */; };
		0DF496BC2BD9781B00AF0590 /* QuickHabitTrackerWidget.swift in Sources */ = {isa = PBXBuildFile; fileRef = 0DF496BB2BD9781B00AF0590 /* QuickHabitTrackerWidget.swift */; };
		0DF496BE2BD9782200AF0590 /* Assets.xcassets in Resources */ = {isa = PBXBuildFile; fileRef = 0DF496BD2BD9782200AF0590 /* Assets.xcassets */; };
		0DF496C22BD9782200AF0590 /* QuickHabitTrackerWidgetExtension.appex in Embed Foundation Extensions */ = {isa = PBXBuildFile; fileRef = 0DF496B22BD9781B00AF0590 /* QuickHabitTrackerWidgetExtension.appex */; settings = {ATTRIBUTES = (RemoveHeadersOnCopy, ); }; };
/* End PBXBuildFile section */

/* Begin PBXContainerItemProxy section */
		0DF496C02BD9782200AF0590 /* PBXContainerItemProxy */ = {
			isa = PBXContainerItemProxy;
			containerPortal = 0DF496952BD977DA00AF0590 /* Project object */;
			proxyType = 1;
			remoteGlobalIDString = 0DF496B12BD9781B00AF0590;
			remoteInfo = QuickHabitTrackerWidgetExtension;
		};
/* End PBXContainerItemProxy section */

/* Begin PBXCopyFilesBuildPhase section */
		0DF496C62BD9782200AF0590 /* Embed Foundation Extensions */ = {
			isa = PBXCopyFilesBuildPhase;
			buildActionMask = 2147483647;
			dstPath = "";
			dstSubfolderSpec = 13;
			files = (
				0DF496C22BD9782200AF0590 /* QuickHabitTrackerWidgetExtension.appex in Embed Foundation Extensions */,
			);
			name = "Embed Foundation Extensions";
			runOnlyForDeploymentPostprocessing = 0;
		};
/* End PBXCopyFilesBuildPhase section */

/* Begin PBXFileReference section */
		0D0B4A8D2BF1389A00CC1CB7 /* Habit+CoreDataClass.swift */ = {isa = PBXFileReference; lastKnownFileType = sourcecode.swift; path = "Habit+CoreDataClass.swift"; sourceTree = "<group>"; };
		0D0B4A8E2BF1389A00CC1CB7 /* Habit+CoreDataProperties.swift */ = {isa = PBXFileReference; lastKnownFileType = sourcecode.swift; path = "Habit+CoreDataProperties.swift"; sourceTree = "<group>"; };
		0D215BDB2C0328580081D7F3 /* HabitTransformer.swift */ = {isa = PBXFileReference; lastKnownFileType = sourcecode.swift; path = HabitTransformer.swift; sourceTree = "<group>"; };
		0D37075A2C05AB8E00F3D9E3 /* SettingsView.swift */ = {isa = PBXFileReference; lastKnownFileType = sourcecode.swift; path = SettingsView.swift; sourceTree = "<group>"; };
		0D37075C2C05CB8100F3D9E3 /* ContentView.swift */ = {isa = PBXFileReference; lastKnownFileType = sourcecode.swift; path = ContentView.swift; sourceTree = "<group>"; };
		0D3E3B5A2C0C48630004D419 /* UITestView3.swift */ = {isa = PBXFileReference; lastKnownFileType = sourcecode.swift; path = UITestView3.swift; sourceTree = "<group>"; };
		0D3FCAD32BDE4DDA004FDD0D /* ChangeHabitStatusIntent.swift */ = {isa = PBXFileReference; lastKnownFileType = sourcecode.swift; path = ChangeHabitStatusIntent.swift; sourceTree = "<group>"; };
		0D490D852C099A5000CB8ACF /* Record+CoreDataClass.swift */ = {isa = PBXFileReference; lastKnownFileType = sourcecode.swift; path = "Record+CoreDataClass.swift"; sourceTree = "<group>"; };
		0D490D862C099A5000CB8ACF /* Record+CoreDataProperties.swift */ = {isa = PBXFileReference; lastKnownFileType = sourcecode.swift; path = "Record+CoreDataProperties.swift"; sourceTree = "<group>"; };
		0D50A2482BF35A6A007CA46D /* RecordListView.swift */ = {isa = PBXFileReference; lastKnownFileType = sourcecode.swift; path = RecordListView.swift; sourceTree = "<group>"; };
		0D50A24A2BF370E9007CA46D /* fetchBydateView.swift */ = {isa = PBXFileReference; lastKnownFileType = sourcecode.swift; path = fetchBydateView.swift; sourceTree = "<group>"; };
		0D5E1CE12C0B1C360050830D /* HelperStructs.swift */ = {isa = PBXFileReference; lastKnownFileType = sourcecode.swift; path = HelperStructs.swift; sourceTree = "<group>"; };
		0D60E2FB2BF5F2E1009D8614 /* HelperFunctions.swift */ = {isa = PBXFileReference; lastKnownFileType = sourcecode.swift; path = HelperFunctions.swift; sourceTree = "<group>"; };
		0D60E2FE2BF6646D009D8614 /* UITest.swift */ = {isa = PBXFileReference; lastKnownFileType = sourcecode.swift; path = UITest.swift; sourceTree = "<group>"; };
		0D6381D42C119203007F8AB3 /* EditHabitView.swift */ = {isa = PBXFileReference; lastKnownFileType = sourcecode.swift; path = EditHabitView.swift; sourceTree = "<group>"; };
		0D6381D62C11B04A007F8AB3 /* UITestView2.swift */ = {isa = PBXFileReference; lastKnownFileType = sourcecode.swift; path = UITestView2.swift; sourceTree = "<group>"; };
		0D6658252C10E47D00337A9D /* HabitListView.swift */ = {isa = PBXFileReference; lastKnownFileType = sourcecode.swift; path = HabitListView.swift; sourceTree = "<group>"; };
		0D66AD722BE2B5B2002AD8B0 /* CoreDataHelper.swift */ = {isa = PBXFileReference; lastKnownFileType = sourcecode.swift; path = CoreDataHelper.swift; sourceTree = "<group>"; };
		0D77714B2BEB6FCC00415574 /* RecordView.swift */ = {isa = PBXFileReference; lastKnownFileType = sourcecode.swift; path = RecordView.swift; sourceTree = "<group>"; };
		0D79C5942C0CC3A500A0B1C6 /* GithubLikeView.swift */ = {isa = PBXFileReference; lastKnownFileType = sourcecode.swift; path = GithubLikeView.swift; sourceTree = "<group>"; };
		0D9A92712BE2AF2A00E066F9 /* model.xcdatamodel */ = {isa = PBXFileReference; lastKnownFileType = wrapper.xcdatamodel; path = model.xcdatamodel; sourceTree = "<group>"; };
		0DA74FFA2BE6339A0009B1DF /* CreateHabitView.swift */ = {isa = PBXFileReference; lastKnownFileType = sourcecode.swift; path = CreateHabitView.swift; sourceTree = "<group>"; };
		0DA74FFC2BE76FBF0009B1DF /* MonthsOfYearView.swift */ = {isa = PBXFileReference; lastKnownFileType = sourcecode.swift; path = MonthsOfYearView.swift; sourceTree = "<group>"; };
		0DBC9D6F2BDEBCF10018C39B /* SharedUserDefaults.swift */ = {isa = PBXFileReference; lastKnownFileType = sourcecode.swift; path = SharedUserDefaults.swift; sourceTree = "<group>"; };
		0DD857702BE1017400CCF808 /* notes.md */ = {isa = PBXFileReference; lastKnownFileType = net.daringfireball.markdown; path = notes.md; sourceTree = "<group>"; };
		0DEDC2D22C008D510029C637 /* HabitListOnWeekdaysView.swift */ = {isa = PBXFileReference; lastKnownFileType = sourcecode.swift; path = HabitListOnWeekdaysView.swift; sourceTree = "<group>"; };
		0DF4969D2BD977DA00AF0590 /* QuickHabitTracker.app */ = {isa = PBXFileReference; explicitFileType = wrapper.application; includeInIndex = 0; path = QuickHabitTracker.app; sourceTree = BUILT_PRODUCTS_DIR; };
		0DF496A02BD977DA00AF0590 /* QuickHabitTrackerApp.swift */ = {isa = PBXFileReference; lastKnownFileType = sourcecode.swift; path = QuickHabitTrackerApp.swift; sourceTree = "<group>"; };
		0DF496A22BD977DA00AF0590 /* HomeView.swift */ = {isa = PBXFileReference; lastKnownFileType = sourcecode.swift; path = HomeView.swift; sourceTree = "<group>"; };
		0DF496A42BD977DE00AF0590 /* Assets.xcassets */ = {isa = PBXFileReference; lastKnownFileType = folder.assetcatalog; path = Assets.xcassets; sourceTree = "<group>"; };
		0DF496A72BD977DE00AF0590 /* Preview Assets.xcassets */ = {isa = PBXFileReference; lastKnownFileType = folder.assetcatalog; path = "Preview Assets.xcassets"; sourceTree = "<group>"; };
		0DF496B22BD9781B00AF0590 /* QuickHabitTrackerWidgetExtension.appex */ = {isa = PBXFileReference; explicitFileType = "wrapper.app-extension"; includeInIndex = 0; path = QuickHabitTrackerWidgetExtension.appex; sourceTree = BUILT_PRODUCTS_DIR; };
		0DF496B42BD9781B00AF0590 /* WidgetKit.framework */ = {isa = PBXFileReference; lastKnownFileType = wrapper.framework; name = WidgetKit.framework; path = System/Library/Frameworks/WidgetKit.framework; sourceTree = SDKROOT; };
		0DF496B62BD9781B00AF0590 /* SwiftUI.framework */ = {isa = PBXFileReference; lastKnownFileType = wrapper.framework; name = SwiftUI.framework; path = System/Library/Frameworks/SwiftUI.framework; sourceTree = SDKROOT; };
		0DF496B92BD9781B00AF0590 /* QuickHabitTrackerWidgetBundle.swift */ = {isa = PBXFileReference; lastKnownFileType = sourcecode.swift; path = QuickHabitTrackerWidgetBundle.swift; sourceTree = "<group>"; };
		0DF496BB2BD9781B00AF0590 /* QuickHabitTrackerWidget.swift */ = {isa = PBXFileReference; lastKnownFileType = sourcecode.swift; path = QuickHabitTrackerWidget.swift; sourceTree = "<group>"; };
		0DF496BD2BD9782200AF0590 /* Assets.xcassets */ = {isa = PBXFileReference; lastKnownFileType = folder.assetcatalog; path = Assets.xcassets; sourceTree = "<group>"; };
		0DF496BF2BD9782200AF0590 /* Info.plist */ = {isa = PBXFileReference; lastKnownFileType = text.plist.xml; path = Info.plist; sourceTree = "<group>"; };
/* End PBXFileReference section */

/* Begin PBXFrameworksBuildPhase section */
		0DF4969A2BD977DA00AF0590 /* Frameworks */ = {
			isa = PBXFrameworksBuildPhase;
			buildActionMask = 2147483647;
			files = (
			);
			runOnlyForDeploymentPostprocessing = 0;
		};
		0DF496AF2BD9781B00AF0590 /* Frameworks */ = {
			isa = PBXFrameworksBuildPhase;
			buildActionMask = 2147483647;
			files = (
				0DF496B72BD9781B00AF0590 /* SwiftUI.framework in Frameworks */,
				0DF496B52BD9781B00AF0590 /* WidgetKit.framework in Frameworks */,
			);
			runOnlyForDeploymentPostprocessing = 0;
		};
/* End PBXFrameworksBuildPhase section */

/* Begin PBXGroup section */
		0D2C05FA2C047CED0088FE36 /* Views */ = {
			isa = PBXGroup;
			children = (
				0D37075C2C05CB8100F3D9E3 /* ContentView.swift */,
				0DF496A22BD977DA00AF0590 /* HomeView.swift */,
				0DEDC2D22C008D510029C637 /* HabitListOnWeekdaysView.swift */,
				0DA74FFC2BE76FBF0009B1DF /* MonthsOfYearView.swift */,
				0D77714B2BEB6FCC00415574 /* RecordView.swift */,
				0DA74FFA2BE6339A0009B1DF /* CreateHabitView.swift */,
				0D37075A2C05AB8E00F3D9E3 /* SettingsView.swift */,
				0D6658252C10E47D00337A9D /* HabitListView.swift */,
				0D6381D42C119203007F8AB3 /* EditHabitView.swift */,
			);
			path = Views;
			sourceTree = "<group>";
		};
		0D60E2FD2BF5F4A8009D8614 /* TempViews */ = {
			isa = PBXGroup;
			children = (
				0D50A24A2BF370E9007CA46D /* fetchBydateView.swift */,
				0D50A2482BF35A6A007CA46D /* RecordListView.swift */,
				0D60E2FE2BF6646D009D8614 /* UITest.swift */,
				0D3E3B5A2C0C48630004D419 /* UITestView3.swift */,
				0D79C5942C0CC3A500A0B1C6 /* GithubLikeView.swift */,
				0D6381D62C11B04A007F8AB3 /* UITestView2.swift */,
			);
			path = TempViews;
			sourceTree = "<group>";
		};
		0D66AD612BE2B215002AD8B0 /* CoreData */ = {
			isa = PBXGroup;
			children = (
				0D9A92702BE2AF2A00E066F9 /* model.xcdatamodeld */,
				0D66AD722BE2B5B2002AD8B0 /* CoreDataHelper.swift */,
				0D0B4A8D2BF1389A00CC1CB7 /* Habit+CoreDataClass.swift */,
				0D0B4A8E2BF1389A00CC1CB7 /* Habit+CoreDataProperties.swift */,
				0D490D852C099A5000CB8ACF /* Record+CoreDataClass.swift */,
				0D490D862C099A5000CB8ACF /* Record+CoreDataProperties.swift */,
			);
			path = CoreData;
			sourceTree = "<group>";
		};
		0DF496942BD977DA00AF0590 = {
			isa = PBXGroup;
			children = (
				0DD857702BE1017400CCF808 /* notes.md */,
				0DBC9D6F2BDEBCF10018C39B /* SharedUserDefaults.swift */,
				0D3FCAD32BDE4DDA004FDD0D /* ChangeHabitStatusIntent.swift */,
				0DF496A02BD977DA00AF0590 /* QuickHabitTrackerApp.swift */,
				0DF4969F2BD977DA00AF0590 /* QuickHabitTracker */,
				0DF496B82BD9781B00AF0590 /* QuickHabitTrackerWidget */,
				0DF496B32BD9781B00AF0590 /* Frameworks */,
				0DF4969E2BD977DA00AF0590 /* Products */,
			);
			sourceTree = "<group>";
		};
		0DF4969E2BD977DA00AF0590 /* Products */ = {
			isa = PBXGroup;
			children = (
				0DF4969D2BD977DA00AF0590 /* QuickHabitTracker.app */,
				0DF496B22BD9781B00AF0590 /* QuickHabitTrackerWidgetExtension.appex */,
			);
			name = Products;
			sourceTree = "<group>";
		};
		0DF4969F2BD977DA00AF0590 /* QuickHabitTracker */ = {
			isa = PBXGroup;
			children = (
				0D2C05FA2C047CED0088FE36 /* Views */,
				0D66AD612BE2B215002AD8B0 /* CoreData */,
				0DFBEA7C2C047DC30039B7B6 /* Helpers */,
				0D60E2FD2BF5F4A8009D8614 /* TempViews */,
				0DF496A42BD977DE00AF0590 /* Assets.xcassets */,
				0DF496A62BD977DE00AF0590 /* Preview Content */,
			);
			path = QuickHabitTracker;
			sourceTree = "<group>";
		};
		0DF496A62BD977DE00AF0590 /* Preview Content */ = {
			isa = PBXGroup;
			children = (
				0DF496A72BD977DE00AF0590 /* Preview Assets.xcassets */,
			);
			path = "Preview Content";
			sourceTree = "<group>";
		};
		0DF496B32BD9781B00AF0590 /* Frameworks */ = {
			isa = PBXGroup;
			children = (
				0DF496B42BD9781B00AF0590 /* WidgetKit.framework */,
				0DF496B62BD9781B00AF0590 /* SwiftUI.framework */,
			);
			name = Frameworks;
			sourceTree = "<group>";
		};
		0DF496B82BD9781B00AF0590 /* QuickHabitTrackerWidget */ = {
			isa = PBXGroup;
			children = (
				0DF496B92BD9781B00AF0590 /* QuickHabitTrackerWidgetBundle.swift */,
				0DF496BB2BD9781B00AF0590 /* QuickHabitTrackerWidget.swift */,
				0DF496BD2BD9782200AF0590 /* Assets.xcassets */,
				0DF496BF2BD9782200AF0590 /* Info.plist */,
			);
			path = QuickHabitTrackerWidget;
			sourceTree = "<group>";
		};
		0DFBEA7C2C047DC30039B7B6 /* Helpers */ = {
			isa = PBXGroup;
			children = (
				0D60E2FB2BF5F2E1009D8614 /* HelperFunctions.swift */,
				0D215BDB2C0328580081D7F3 /* HabitTransformer.swift */,
				0D5E1CE12C0B1C360050830D /* HelperStructs.swift */,
			);
			path = Helpers;
			sourceTree = "<group>";
		};
/* End PBXGroup section */

/* Begin PBXNativeTarget section */
		0DF4969C2BD977DA00AF0590 /* QuickHabitTracker */ = {
			isa = PBXNativeTarget;
			buildConfigurationList = 0DF496AB2BD977DE00AF0590 /* Build configuration list for PBXNativeTarget "QuickHabitTracker" */;
			buildPhases = (
				0DF496992BD977DA00AF0590 /* Sources */,
				0DF4969A2BD977DA00AF0590 /* Frameworks */,
				0DF4969B2BD977DA00AF0590 /* Resources */,
				0DF496C62BD9782200AF0590 /* Embed Foundation Extensions */,
			);
			buildRules = (
			);
			dependencies = (
				0DF496C12BD9782200AF0590 /* PBXTargetDependency */,
			);
			name = QuickHabitTracker;
			productName = QuickHabitTracker;
			productReference = 0DF4969D2BD977DA00AF0590 /* QuickHabitTracker.app */;
			productType = "com.apple.product-type.application";
		};
		0DF496B12BD9781B00AF0590 /* QuickHabitTrackerWidgetExtension */ = {
			isa = PBXNativeTarget;
			buildConfigurationList = 0DF496C32BD9782200AF0590 /* Build configuration list for PBXNativeTarget "QuickHabitTrackerWidgetExtension" */;
			buildPhases = (
				0DF496AE2BD9781B00AF0590 /* Sources */,
				0DF496AF2BD9781B00AF0590 /* Frameworks */,
				0DF496B02BD9781B00AF0590 /* Resources */,
			);
			buildRules = (
			);
			dependencies = (
			);
			name = QuickHabitTrackerWidgetExtension;
			productName = QuickHabitTrackerWidgetExtension;
			productReference = 0DF496B22BD9781B00AF0590 /* QuickHabitTrackerWidgetExtension.appex */;
			productType = "com.apple.product-type.app-extension";
		};
/* End PBXNativeTarget section */

/* Begin PBXProject section */
		0DF496952BD977DA00AF0590 /* Project object */ = {
			isa = PBXProject;
			attributes = {
				BuildIndependentTargetsInParallel = 1;
				LastSwiftUpdateCheck = 1530;
				LastUpgradeCheck = 1530;
				TargetAttributes = {
					0DF4969C2BD977DA00AF0590 = {
						CreatedOnToolsVersion = 15.3;
					};
					0DF496B12BD9781B00AF0590 = {
						CreatedOnToolsVersion = 15.3;
					};
				};
			};
			buildConfigurationList = 0DF496982BD977DA00AF0590 /* Build configuration list for PBXProject "QuickHabitTracker" */;
			compatibilityVersion = "Xcode 14.0";
			developmentRegion = en;
			hasScannedForEncodings = 0;
			knownRegions = (
				en,
				Base,
			);
			mainGroup = 0DF496942BD977DA00AF0590;
			productRefGroup = 0DF4969E2BD977DA00AF0590 /* Products */;
			projectDirPath = "";
			projectRoot = "";
			targets = (
				0DF4969C2BD977DA00AF0590 /* QuickHabitTracker */,
				0DF496B12BD9781B00AF0590 /* QuickHabitTrackerWidgetExtension */,
			);
		};
/* End PBXProject section */

/* Begin PBXResourcesBuildPhase section */
		0DF4969B2BD977DA00AF0590 /* Resources */ = {
			isa = PBXResourcesBuildPhase;
			buildActionMask = 2147483647;
			files = (
				0DF496A82BD977DE00AF0590 /* Preview Assets.xcassets in Resources */,
				0DF496A52BD977DE00AF0590 /* Assets.xcassets in Resources */,
			);
			runOnlyForDeploymentPostprocessing = 0;
		};
		0DF496B02BD9781B00AF0590 /* Resources */ = {
			isa = PBXResourcesBuildPhase;
			buildActionMask = 2147483647;
			files = (
				0DF496BE2BD9782200AF0590 /* Assets.xcassets in Resources */,
			);
			runOnlyForDeploymentPostprocessing = 0;
		};
/* End PBXResourcesBuildPhase section */

/* Begin PBXSourcesBuildPhase section */
		0DF496992BD977DA00AF0590 /* Sources */ = {
			isa = PBXSourcesBuildPhase;
			buildActionMask = 2147483647;
			files = (
				0D66AD732BE2B5B2002AD8B0 /* CoreDataHelper.swift in Sources */,
				0DBC9D732BDEC5390018C39B /* ChangeHabitStatusIntent.swift in Sources */,
				0DA74FFD2BE76FBF0009B1DF /* MonthsOfYearView.swift in Sources */,
				0D215BDC2C0328580081D7F3 /* HabitTransformer.swift in Sources */,
				0D3E3B5B2C0C48630004D419 /* UITestView3.swift in Sources */,
				0DA74FFB2BE6339A0009B1DF /* CreateHabitView.swift in Sources */,
				0D6381D72C11B04A007F8AB3 /* UITestView2.swift in Sources */,
				0D50A2492BF35A6A007CA46D /* RecordListView.swift in Sources */,
				0DBC9D702BDEBCF10018C39B /* SharedUserDefaults.swift in Sources */,
				0D9A92722BE2AF2A00E066F9 /* model.xcdatamodeld in Sources */,
				0DF496A32BD977DA00AF0590 /* HomeView.swift in Sources */,
				0D60E2FF2BF6646D009D8614 /* UITest.swift in Sources */,
				0DEDC2D32C008D510029C637 /* HabitListOnWeekdaysView.swift in Sources */,
				0D79C5952C0CC3A500A0B1C6 /* GithubLikeView.swift in Sources */,
				0D6658262C10E47D00337A9D /* HabitListView.swift in Sources */,
				0D77714C2BEB6FCC00415574 /* RecordView.swift in Sources */,
				0DF496A12BD977DA00AF0590 /* QuickHabitTrackerApp.swift in Sources */,
				0D5E1CE22C0B1C360050830D /* HelperStructs.swift in Sources */,
				0D60E2FC2BF5F2E1009D8614 /* HelperFunctions.swift in Sources */,
				0D490D872C099A5000CB8ACF /* Record+CoreDataClass.swift in Sources */,
				0D490D882C099A5000CB8ACF /* Record+CoreDataProperties.swift in Sources */,
				0D6381D52C119203007F8AB3 /* EditHabitView.swift in Sources */,
				0D0B4A8F2BF1389A00CC1CB7 /* Habit+CoreDataClass.swift in Sources */,
				0D37075D2C05CB8100F3D9E3 /* ContentView.swift in Sources */,
				0D0B4A902BF1389A00CC1CB7 /* Habit+CoreDataProperties.swift in Sources */,
				0D50A24B2BF370E9007CA46D /* fetchBydateView.swift in Sources */,
				0D37075B2C05AB8E00F3D9E3 /* SettingsView.swift in Sources */,
			);
			runOnlyForDeploymentPostprocessing = 0;
		};
		0DF496AE2BD9781B00AF0590 /* Sources */ = {
			isa = PBXSourcesBuildPhase;
			buildActionMask = 2147483647;
			files = (
				0DBC9D722BDEC4360018C39B /* ChangeHabitStatusIntent.swift in Sources */,
				0DF496BA2BD9781B00AF0590 /* QuickHabitTrackerWidgetBundle.swift in Sources */,
				0DBC9D712BDEBCF10018C39B /* SharedUserDefaults.swift in Sources */,
				0DF496BC2BD9781B00AF0590 /* QuickHabitTrackerWidget.swift in Sources */,
			);
			runOnlyForDeploymentPostprocessing = 0;
		};
/* End PBXSourcesBuildPhase section */

/* Begin PBXTargetDependency section */
		0DF496C12BD9782200AF0590 /* PBXTargetDependency */ = {
			isa = PBXTargetDependency;
			target = 0DF496B12BD9781B00AF0590 /* QuickHabitTrackerWidgetExtension */;
			targetProxy = 0DF496C02BD9782200AF0590 /* PBXContainerItemProxy */;
		};
/* End PBXTargetDependency section */

/* Begin XCBuildConfiguration section */
		0DF496A92BD977DE00AF0590 /* Debug */ = {
			isa = XCBuildConfiguration;
			buildSettings = {
				ALWAYS_SEARCH_USER_PATHS = NO;
				ASSETCATALOG_COMPILER_GENERATE_SWIFT_ASSET_SYMBOL_EXTENSIONS = YES;
				CLANG_ANALYZER_NONNULL = YES;
				CLANG_ANALYZER_NUMBER_OBJECT_CONVERSION = YES_AGGRESSIVE;
				CLANG_CXX_LANGUAGE_STANDARD = "gnu++20";
				CLANG_ENABLE_MODULES = YES;
				CLANG_ENABLE_OBJC_ARC = YES;
				CLANG_ENABLE_OBJC_WEAK = YES;
				CLANG_WARN_BLOCK_CAPTURE_AUTORELEASING = YES;
				CLANG_WARN_BOOL_CONVERSION = YES;
				CLANG_WARN_COMMA = YES;
				CLANG_WARN_CONSTANT_CONVERSION = YES;
				CLANG_WARN_DEPRECATED_OBJC_IMPLEMENTATIONS = YES;
				CLANG_WARN_DIRECT_OBJC_ISA_USAGE = YES_ERROR;
				CLANG_WARN_DOCUMENTATION_COMMENTS = YES;
				CLANG_WARN_EMPTY_BODY = YES;
				CLANG_WARN_ENUM_CONVERSION = YES;
				CLANG_WARN_INFINITE_RECURSION = YES;
				CLANG_WARN_INT_CONVERSION = YES;
				CLANG_WARN_NON_LITERAL_NULL_CONVERSION = YES;
				CLANG_WARN_OBJC_IMPLICIT_RETAIN_SELF = YES;
				CLANG_WARN_OBJC_LITERAL_CONVERSION = YES;
				CLANG_WARN_OBJC_ROOT_CLASS = YES_ERROR;
				CLANG_WARN_QUOTED_INCLUDE_IN_FRAMEWORK_HEADER = YES;
				CLANG_WARN_RANGE_LOOP_ANALYSIS = YES;
				CLANG_WARN_STRICT_PROTOTYPES = YES;
				CLANG_WARN_SUSPICIOUS_MOVE = YES;
				CLANG_WARN_UNGUARDED_AVAILABILITY = YES_AGGRESSIVE;
				CLANG_WARN_UNREACHABLE_CODE = YES;
				CLANG_WARN__DUPLICATE_METHOD_MATCH = YES;
				COPY_PHASE_STRIP = NO;
				DEBUG_INFORMATION_FORMAT = dwarf;
				ENABLE_STRICT_OBJC_MSGSEND = YES;
				ENABLE_TESTABILITY = YES;
				ENABLE_USER_SCRIPT_SANDBOXING = YES;
				GCC_C_LANGUAGE_STANDARD = gnu17;
				GCC_DYNAMIC_NO_PIC = NO;
				GCC_NO_COMMON_BLOCKS = YES;
				GCC_OPTIMIZATION_LEVEL = 0;
				GCC_PREPROCESSOR_DEFINITIONS = (
					"DEBUG=1",
					"$(inherited)",
				);
				GCC_WARN_64_TO_32_BIT_CONVERSION = YES;
				GCC_WARN_ABOUT_RETURN_TYPE = YES_ERROR;
				GCC_WARN_UNDECLARED_SELECTOR = YES;
				GCC_WARN_UNINITIALIZED_AUTOS = YES_AGGRESSIVE;
				GCC_WARN_UNUSED_FUNCTION = YES;
				GCC_WARN_UNUSED_VARIABLE = YES;
				IPHONEOS_DEPLOYMENT_TARGET = 17.4;
				LOCALIZATION_PREFERS_STRING_CATALOGS = YES;
				MTL_ENABLE_DEBUG_INFO = INCLUDE_SOURCE;
				MTL_FAST_MATH = YES;
				ONLY_ACTIVE_ARCH = YES;
				SDKROOT = iphoneos;
				SWIFT_ACTIVE_COMPILATION_CONDITIONS = "DEBUG $(inherited)";
				SWIFT_OPTIMIZATION_LEVEL = "-Onone";
			};
			name = Debug;
		};
		0DF496AA2BD977DE00AF0590 /* Release */ = {
			isa = XCBuildConfiguration;
			buildSettings = {
				ALWAYS_SEARCH_USER_PATHS = NO;
				ASSETCATALOG_COMPILER_GENERATE_SWIFT_ASSET_SYMBOL_EXTENSIONS = YES;
				CLANG_ANALYZER_NONNULL = YES;
				CLANG_ANALYZER_NUMBER_OBJECT_CONVERSION = YES_AGGRESSIVE;
				CLANG_CXX_LANGUAGE_STANDARD = "gnu++20";
				CLANG_ENABLE_MODULES = YES;
				CLANG_ENABLE_OBJC_ARC = YES;
				CLANG_ENABLE_OBJC_WEAK = YES;
				CLANG_WARN_BLOCK_CAPTURE_AUTORELEASING = YES;
				CLANG_WARN_BOOL_CONVERSION = YES;
				CLANG_WARN_COMMA = YES;
				CLANG_WARN_CONSTANT_CONVERSION = YES;
				CLANG_WARN_DEPRECATED_OBJC_IMPLEMENTATIONS = YES;
				CLANG_WARN_DIRECT_OBJC_ISA_USAGE = YES_ERROR;
				CLANG_WARN_DOCUMENTATION_COMMENTS = YES;
				CLANG_WARN_EMPTY_BODY = YES;
				CLANG_WARN_ENUM_CONVERSION = YES;
				CLANG_WARN_INFINITE_RECURSION = YES;
				CLANG_WARN_INT_CONVERSION = YES;
				CLANG_WARN_NON_LITERAL_NULL_CONVERSION = YES;
				CLANG_WARN_OBJC_IMPLICIT_RETAIN_SELF = YES;
				CLANG_WARN_OBJC_LITERAL_CONVERSION = YES;
				CLANG_WARN_OBJC_ROOT_CLASS = YES_ERROR;
				CLANG_WARN_QUOTED_INCLUDE_IN_FRAMEWORK_HEADER = YES;
				CLANG_WARN_RANGE_LOOP_ANALYSIS = YES;
				CLANG_WARN_STRICT_PROTOTYPES = YES;
				CLANG_WARN_SUSPICIOUS_MOVE = YES;
				CLANG_WARN_UNGUARDED_AVAILABILITY = YES_AGGRESSIVE;
				CLANG_WARN_UNREACHABLE_CODE = YES;
				CLANG_WARN__DUPLICATE_METHOD_MATCH = YES;
				COPY_PHASE_STRIP = NO;
				DEBUG_INFORMATION_FORMAT = "dwarf-with-dsym";
				ENABLE_NS_ASSERTIONS = NO;
				ENABLE_STRICT_OBJC_MSGSEND = YES;
				ENABLE_USER_SCRIPT_SANDBOXING = YES;
				GCC_C_LANGUAGE_STANDARD = gnu17;
				GCC_NO_COMMON_BLOCKS = YES;
				GCC_WARN_64_TO_32_BIT_CONVERSION = YES;
				GCC_WARN_ABOUT_RETURN_TYPE = YES_ERROR;
				GCC_WARN_UNDECLARED_SELECTOR = YES;
				GCC_WARN_UNINITIALIZED_AUTOS = YES_AGGRESSIVE;
				GCC_WARN_UNUSED_FUNCTION = YES;
				GCC_WARN_UNUSED_VARIABLE = YES;
				IPHONEOS_DEPLOYMENT_TARGET = 17.4;
				LOCALIZATION_PREFERS_STRING_CATALOGS = YES;
				MTL_ENABLE_DEBUG_INFO = NO;
				MTL_FAST_MATH = YES;
				SDKROOT = iphoneos;
				SWIFT_COMPILATION_MODE = wholemodule;
				VALIDATE_PRODUCT = YES;
			};
			name = Release;
		};
		0DF496AC2BD977DE00AF0590 /* Debug */ = {
			isa = XCBuildConfiguration;
			buildSettings = {
				ALWAYS_EMBED_SWIFT_STANDARD_LIBRARIES = YES;
				ASSETCATALOG_COMPILER_APPICON_NAME = AppIcon;
				ASSETCATALOG_COMPILER_GLOBAL_ACCENT_COLOR_NAME = AccentColor;
				CODE_SIGN_ENTITLEMENTS = QuickHabitTracker/QuickHabitTracker.entitlements;
				CODE_SIGN_STYLE = Automatic;
				CURRENT_PROJECT_VERSION = 1;
				DEVELOPMENT_ASSET_PATHS = "\"QuickHabitTracker/Preview Content\"";
				DEVELOPMENT_TEAM = W7UF2SN6YX;
				ENABLE_PREVIEWS = YES;
				GENERATE_INFOPLIST_FILE = YES;
				INFOPLIST_KEY_UIApplicationSceneManifest_Generation = YES;
				INFOPLIST_KEY_UIApplicationSupportsIndirectInputEvents = YES;
				INFOPLIST_KEY_UILaunchScreen_Generation = YES;
				INFOPLIST_KEY_UISupportedInterfaceOrientations_iPad = "UIInterfaceOrientationPortrait UIInterfaceOrientationPortraitUpsideDown UIInterfaceOrientationLandscapeLeft UIInterfaceOrientationLandscapeRight";
				INFOPLIST_KEY_UISupportedInterfaceOrientations_iPhone = "UIInterfaceOrientationPortrait UIInterfaceOrientationLandscapeLeft UIInterfaceOrientationLandscapeRight";
				LD_RUNPATH_SEARCH_PATHS = (
					"$(inherited)",
					"@executable_path/Frameworks",
				);
				MARKETING_VERSION = 1.0;
				PRODUCT_BUNDLE_IDENTIFIER = com.devNoyan.QuickHabitTracker;
				PRODUCT_NAME = "$(TARGET_NAME)";
				SUPPORTED_PLATFORMS = "iphoneos iphonesimulator";
				SUPPORTS_MACCATALYST = NO;
				SUPPORTS_MAC_DESIGNED_FOR_IPHONE_IPAD = NO;
				SUPPORTS_XR_DESIGNED_FOR_IPHONE_IPAD = NO;
				SWIFT_EMIT_LOC_STRINGS = YES;
				SWIFT_VERSION = 5.0;
				TARGETED_DEVICE_FAMILY = 1;
			};
			name = Debug;
		};
		0DF496AD2BD977DE00AF0590 /* Release */ = {
			isa = XCBuildConfiguration;
			buildSettings = {
				ALWAYS_EMBED_SWIFT_STANDARD_LIBRARIES = YES;
				ASSETCATALOG_COMPILER_APPICON_NAME = AppIcon;
				ASSETCATALOG_COMPILER_GLOBAL_ACCENT_COLOR_NAME = AccentColor;
				CODE_SIGN_ENTITLEMENTS = QuickHabitTracker/QuickHabitTracker.entitlements;
				CODE_SIGN_STYLE = Automatic;
				CURRENT_PROJECT_VERSION = 1;
				DEVELOPMENT_ASSET_PATHS = "\"QuickHabitTracker/Preview Content\"";
				DEVELOPMENT_TEAM = W7UF2SN6YX;
				ENABLE_PREVIEWS = YES;
				GENERATE_INFOPLIST_FILE = YES;
				INFOPLIST_KEY_UIApplicationSceneManifest_Generation = YES;
				INFOPLIST_KEY_UIApplicationSupportsIndirectInputEvents = YES;
				INFOPLIST_KEY_UILaunchScreen_Generation = YES;
				INFOPLIST_KEY_UISupportedInterfaceOrientations_iPad = "UIInterfaceOrientationPortrait UIInterfaceOrientationPortraitUpsideDown UIInterfaceOrientationLandscapeLeft UIInterfaceOrientationLandscapeRight";
				INFOPLIST_KEY_UISupportedInterfaceOrientations_iPhone = "UIInterfaceOrientationPortrait UIInterfaceOrientationLandscapeLeft UIInterfaceOrientationLandscapeRight";
				LD_RUNPATH_SEARCH_PATHS = (
					"$(inherited)",
					"@executable_path/Frameworks",
				);
				MARKETING_VERSION = 1.0;
				PRODUCT_BUNDLE_IDENTIFIER = com.devNoyan.QuickHabitTracker;
				PRODUCT_NAME = "$(TARGET_NAME)";
				SUPPORTED_PLATFORMS = "iphoneos iphonesimulator";
				SUPPORTS_MACCATALYST = NO;
				SUPPORTS_MAC_DESIGNED_FOR_IPHONE_IPAD = NO;
				SUPPORTS_XR_DESIGNED_FOR_IPHONE_IPAD = NO;
				SWIFT_EMIT_LOC_STRINGS = YES;
				SWIFT_VERSION = 5.0;
				TARGETED_DEVICE_FAMILY = 1;
			};
			name = Release;
		};
		0DF496C42BD9782200AF0590 /* Debug */ = {
			isa = XCBuildConfiguration;
			buildSettings = {
				ASSETCATALOG_COMPILER_GLOBAL_ACCENT_COLOR_NAME = AccentColor;
				ASSETCATALOG_COMPILER_WIDGET_BACKGROUND_COLOR_NAME = WidgetBackground;
				CODE_SIGN_ENTITLEMENTS = QuickHabitTrackerWidgetExtension.entitlements;
				CODE_SIGN_STYLE = Automatic;
				CURRENT_PROJECT_VERSION = 1;
				DEVELOPMENT_TEAM = W7UF2SN6YX;
				GENERATE_INFOPLIST_FILE = YES;
				INFOPLIST_FILE = QuickHabitTrackerWidget/Info.plist;
				INFOPLIST_KEY_CFBundleDisplayName = QuickHabitTrackerWidget;
				INFOPLIST_KEY_NSHumanReadableCopyright = "";
				LD_RUNPATH_SEARCH_PATHS = (
					"$(inherited)",
					"@executable_path/Frameworks",
					"@executable_path/../../Frameworks",
				);
				MARKETING_VERSION = 1.0;
				PRODUCT_BUNDLE_IDENTIFIER = com.devNoyan.QuickHabitTracker.QuickHabitTrackerWidget;
				PRODUCT_NAME = "$(TARGET_NAME)";
				SKIP_INSTALL = YES;
				SUPPORTED_PLATFORMS = "iphoneos iphonesimulator";
				SUPPORTS_MACCATALYST = NO;
				SUPPORTS_MAC_DESIGNED_FOR_IPHONE_IPAD = NO;
				SUPPORTS_XR_DESIGNED_FOR_IPHONE_IPAD = NO;
				SWIFT_EMIT_LOC_STRINGS = YES;
				SWIFT_VERSION = 5.0;
				TARGETED_DEVICE_FAMILY = 1;
			};
			name = Debug;
		};
		0DF496C52BD9782200AF0590 /* Release */ = {
			isa = XCBuildConfiguration;
			buildSettings = {
				ASSETCATALOG_COMPILER_GLOBAL_ACCENT_COLOR_NAME = AccentColor;
				ASSETCATALOG_COMPILER_WIDGET_BACKGROUND_COLOR_NAME = WidgetBackground;
				CODE_SIGN_ENTITLEMENTS = QuickHabitTrackerWidgetExtension.entitlements;
				CODE_SIGN_STYLE = Automatic;
				CURRENT_PROJECT_VERSION = 1;
				DEVELOPMENT_TEAM = W7UF2SN6YX;
				GENERATE_INFOPLIST_FILE = YES;
				INFOPLIST_FILE = QuickHabitTrackerWidget/Info.plist;
				INFOPLIST_KEY_CFBundleDisplayName = QuickHabitTrackerWidget;
				INFOPLIST_KEY_NSHumanReadableCopyright = "";
				LD_RUNPATH_SEARCH_PATHS = (
					"$(inherited)",
					"@executable_path/Frameworks",
					"@executable_path/../../Frameworks",
				);
				MARKETING_VERSION = 1.0;
				PRODUCT_BUNDLE_IDENTIFIER = com.devNoyan.QuickHabitTracker.QuickHabitTrackerWidget;
				PRODUCT_NAME = "$(TARGET_NAME)";
				SKIP_INSTALL = YES;
				SUPPORTED_PLATFORMS = "iphoneos iphonesimulator";
				SUPPORTS_MACCATALYST = NO;
				SUPPORTS_MAC_DESIGNED_FOR_IPHONE_IPAD = NO;
				SUPPORTS_XR_DESIGNED_FOR_IPHONE_IPAD = NO;
				SWIFT_EMIT_LOC_STRINGS = YES;
				SWIFT_VERSION = 5.0;
				TARGETED_DEVICE_FAMILY = 1;
			};
			name = Release;
		};
/* End XCBuildConfiguration section */

/* Begin XCConfigurationList section */
		0DF496982BD977DA00AF0590 /* Build configuration list for PBXProject "QuickHabitTracker" */ = {
			isa = XCConfigurationList;
			buildConfigurations = (
				0DF496A92BD977DE00AF0590 /* Debug */,
				0DF496AA2BD977DE00AF0590 /* Release */,
			);
			defaultConfigurationIsVisible = 0;
			defaultConfigurationName = Release;
		};
		0DF496AB2BD977DE00AF0590 /* Build configuration list for PBXNativeTarget "QuickHabitTracker" */ = {
			isa = XCConfigurationList;
			buildConfigurations = (
				0DF496AC2BD977DE00AF0590 /* Debug */,
				0DF496AD2BD977DE00AF0590 /* Release */,
			);
			defaultConfigurationIsVisible = 0;
			defaultConfigurationName = Release;
		};
		0DF496C32BD9782200AF0590 /* Build configuration list for PBXNativeTarget "QuickHabitTrackerWidgetExtension" */ = {
			isa = XCConfigurationList;
			buildConfigurations = (
				0DF496C42BD9782200AF0590 /* Debug */,
				0DF496C52BD9782200AF0590 /* Release */,
			);
			defaultConfigurationIsVisible = 0;
			defaultConfigurationName = Release;
		};
/* End XCConfigurationList section */

/* Begin XCVersionGroup section */
		0D9A92702BE2AF2A00E066F9 /* model.xcdatamodeld */ = {
			isa = XCVersionGroup;
			children = (
				0D9A92712BE2AF2A00E066F9 /* model.xcdatamodel */,
			);
			currentVersion = 0D9A92712BE2AF2A00E066F9 /* model.xcdatamodel */;
			path = model.xcdatamodeld;
			sourceTree = "<group>";
			versionGroupType = wrapper.xcdatamodel;
		};
/* End XCVersionGroup section */
	};
	rootObject = 0DF496952BD977DA00AF0590 /* Project object */;
}
